
Microsoft Visual Studio Solution File, Format Version 12.00
# Visual Studio 15
VisualStudioVersion = 15.0.27428.2037
MinimumVisualStudioVersion = 10.0.40219.1
Project("{9A19103F-16F7-4668-BE54-9A1E7A4F7556}") = "01.Regeh", "01.Regeh\01.Regeh.csproj", "{E6BB30C4-22BD-4446-9F80-4CA24F9D3639}"
EndProject
Project("{9A19103F-16F7-4668-BE54-9A1E7A4F7556}") = "02.Knight_Game", "02.Knight_Game\02.Knight_Game.csproj", "{59A8D4C6-4C20-4123-BC28-10E229546597}"
EndProject
Project("{9A19103F-16F7-4668-BE54-9A1E7A4F7556}") = "03.Number_Wars", "03.Number_Wars\03.Number_Wars.csproj", "{E5B40355-3F22-4937-AC83-0C2F2D2C03E3}"
EndProject
Project("{FAE04EC0-301F-11D3-BF4B-00C04F79EFBC}") = "04.Hospital", "04.Hospital\04.Hospital.csproj", "{A48ACE6D-4ECA-429E-943A-7A94D10FDECB}"
EndProject
Global
	GlobalSection(SolutionConfigurationPlatforms) = preSolution
		Debug|Any CPU = Debug|Any CPU
		Release|Any CPU = Release|Any CPU
	EndGlobalSection
	GlobalSection(ProjectConfigurationPlatforms) = postSolution
		{E6BB30C4-22BD-4446-9F80-4CA24F9D3639}.Debug|Any CPU.ActiveCfg = Debug|Any CPU
		{E6BB30C4-22BD-4446-9F80-4CA24F9D3639}.Debug|Any CPU.Build.0 = Debug|Any CPU
		{E6BB30C4-22BD-4446-9F80-4CA24F9D3639}.Release|Any CPU.ActiveCfg = Release|Any CPU
		{E6BB30C4-22BD-4446-9F80-4CA24F9D3639}.Release|Any CPU.Build.0 = Release|Any CPU
		{59A8D4C6-4C20-4123-BC28-10E229546597}.Debug|Any CPU.ActiveCfg = Debug|Any CPU
		{59A8D4C6-4C20-4123-BC28-10E229546597}.Debug|Any CPU.Build.0 = Debug|Any CPU
		{59A8D4C6-4C20-4123-BC28-10E229546597}.Release|Any CPU.ActiveCfg = Release|Any CPU
		{59A8D4C6-4C20-4123-BC28-10E229546597}.Release|Any CPU.Build.0 = Release|Any CPU
		{E5B40355-3F22-4937-AC83-0C2F2D2C03E3}.Debug|Any CPU.ActiveCfg = Debug|Any CPU
		{E5B40355-3F22-4937-AC83-0C2F2D2C03E3}.Debug|Any CPU.Build.0 = Debug|Any CPU
		{E5B40355-3F22-4937-AC83-0C2F2D2C03E3}.Release|Any CPU.ActiveCfg = Release|Any CPU
		{E5B40355-3F22-4937-AC83-0C2F2D2C03E3}.Release|Any CPU.Build.0 = Release|Any CPU
		{A48ACE6D-4ECA-429E-943A-7A94D10FDECB}.Debug|Any CPU.ActiveCfg = Debug|Any CPU
		{A48ACE6D-4ECA-429E-943A-7A94D10FDECB}.Debug|Any CPU.Build.0 = Debug|Any CPU
		{A48ACE6D-4ECA-429E-943A-7A94D10FDECB}.Release|Any CPU.ActiveCfg = Release|Any CPU
		{A48ACE6D-4ECA-429E-943A-7A94D10FDECB}.Release|Any CPU.Build.0 = Release|Any CPU
	EndGlobalSection
	GlobalSection(SolutionProperties) = preSolution
		HideSolutionNode = FALSE
	EndGlobalSection
	GlobalSection(ExtensibilityGlobals) = postSolution
		SolutionGuid = {076591B4-1988-428B-94E0-AAD9E108432F}
	EndGlobalSection
EndGlobal
