
Microsoft Visual Studio Solution File, Format Version 12.00
# Visual Studio 15
VisualStudioVersion = 15.0.27428.2037
MinimumVisualStudioVersion = 10.0.40219.1
Project("{9A19103F-16F7-4668-BE54-9A1E7A4F7556}") = "01.Cubic_Artillery", "01.Cubic_Artillery\01.Cubic_Artillery.csproj", "{489755ED-0DFA-4429-9DB4-62510F09A159}"
EndProject
Project("{FAE04EC0-301F-11D3-BF4B-00C04F79EFBC}") = "02.Cubic's_Rube", "02.Cubic's_Rube\02.Cubic's_Rube.csproj", "{C404BEC2-BFC8-47EC-8F85-FDA2743CFF2F}"
EndProject
Project("{FAE04EC0-301F-11D3-BF4B-00C04F79EFBC}") = "03.Cubic_Messages", "03.Cubic_Messages\03.Cubic_Messages.csproj", "{41DB78A4-A3D5-405A-B410-A5A4A441BD47}"
EndProject
Global
	GlobalSection(SolutionConfigurationPlatforms) = preSolution
		Debug|Any CPU = Debug|Any CPU
		Release|Any CPU = Release|Any CPU
	EndGlobalSection
	GlobalSection(ProjectConfigurationPlatforms) = postSolution
		{489755ED-0DFA-4429-9DB4-62510F09A159}.Debug|Any CPU.ActiveCfg = Debug|Any CPU
		{489755ED-0DFA-4429-9DB4-62510F09A159}.Debug|Any CPU.Build.0 = Debug|Any CPU
		{489755ED-0DFA-4429-9DB4-62510F09A159}.Release|Any CPU.ActiveCfg = Release|Any CPU
		{489755ED-0DFA-4429-9DB4-62510F09A159}.Release|Any CPU.Build.0 = Release|Any CPU
		{C404BEC2-BFC8-47EC-8F85-FDA2743CFF2F}.Debug|Any CPU.ActiveCfg = Debug|Any CPU
		{C404BEC2-BFC8-47EC-8F85-FDA2743CFF2F}.Debug|Any CPU.Build.0 = Debug|Any CPU
		{C404BEC2-BFC8-47EC-8F85-FDA2743CFF2F}.Release|Any CPU.ActiveCfg = Release|Any CPU
		{C404BEC2-BFC8-47EC-8F85-FDA2743CFF2F}.Release|Any CPU.Build.0 = Release|Any CPU
		{41DB78A4-A3D5-405A-B410-A5A4A441BD47}.Debug|Any CPU.ActiveCfg = Debug|Any CPU
		{41DB78A4-A3D5-405A-B410-A5A4A441BD47}.Debug|Any CPU.Build.0 = Debug|Any CPU
		{41DB78A4-A3D5-405A-B410-A5A4A441BD47}.Release|Any CPU.ActiveCfg = Release|Any CPU
		{41DB78A4-A3D5-405A-B410-A5A4A441BD47}.Release|Any CPU.Build.0 = Release|Any CPU
	EndGlobalSection
	GlobalSection(SolutionProperties) = preSolution
		HideSolutionNode = FALSE
	EndGlobalSection
	GlobalSection(ExtensibilityGlobals) = postSolution
		SolutionGuid = {FDD6D26C-2B80-475C-8476-C3F61C97F2FE}
	EndGlobalSection
EndGlobal
