
Microsoft Visual Studio Solution File, Format Version 11.00
# Visual Studio 2010
# SharpDevelop 5.1
Project("{FAE04EC0-301F-11D3-BF4B-00C04F79EFBC}") = "Bacis_MarkUp_Language", "Bacis_MarkUp_Language.csproj", "{263A182C-0281-42EA-A815-840A21C51B3B}"
EndProject
Global
	GlobalSection(SolutionConfigurationPlatforms) = preSolution
		Debug|Any CPU = Debug|Any CPU
		Release|Any CPU = Release|Any CPU
	EndGlobalSection
	GlobalSection(ProjectConfigurationPlatforms) = postSolution
		{263A182C-0281-42EA-A815-840A21C51B3B}.Debug|Any CPU.ActiveCfg = Debug|Any CPU
		{263A182C-0281-42EA-A815-840A21C51B3B}.Debug|Any CPU.Build.0 = Debug|Any CPU
		{263A182C-0281-42EA-A815-840A21C51B3B}.Release|Any CPU.ActiveCfg = Release|Any CPU
		{263A182C-0281-42EA-A815-840A21C51B3B}.Release|Any CPU.Build.0 = Release|Any CPU
	EndGlobalSection
EndGlobal
