
Microsoft Visual Studio Solution File, Format Version 12.00
# Visual Studio 15
VisualStudioVersion = 15.0.27428.2037
MinimumVisualStudioVersion = 10.0.40219.1
Project("{FAE04EC0-301F-11D3-BF4B-00C04F79EFBC}") = "01.Collect_Resources", "01.Collect_Resources\01.Collect_Resources.csproj", "{F7EF258D-3361-4A0F-8D92-A2FA19408761}"
EndProject
Project("{FAE04EC0-301F-11D3-BF4B-00C04F79EFBC}") = "02.Parking_System", "02.Parking_System\02.Parking_System.csproj", "{C5B880B6-3B69-4FC2-9F90-F3D6262926E3}"
EndProject
Project("{FAE04EC0-301F-11D3-BF4B-00C04F79EFBC}") = "03.Softuni_Numerals", "03.Softuni_Numerals\03.Softuni_Numerals.csproj", "{0AD212CD-AA41-40E0-A819-B0E63A431509}"
EndProject
Project("{FAE04EC0-301F-11D3-BF4B-00C04F79EFBC}") = "04.Events", "04.Events\04.Events.csproj", "{577BAB8F-A513-40A1-8AB8-B9A58A7590FE}"
EndProject
Global
	GlobalSection(SolutionConfigurationPlatforms) = preSolution
		Debug|Any CPU = Debug|Any CPU
		Release|Any CPU = Release|Any CPU
	EndGlobalSection
	GlobalSection(ProjectConfigurationPlatforms) = postSolution
		{F7EF258D-3361-4A0F-8D92-A2FA19408761}.Debug|Any CPU.ActiveCfg = Debug|Any CPU
		{F7EF258D-3361-4A0F-8D92-A2FA19408761}.Debug|Any CPU.Build.0 = Debug|Any CPU
		{F7EF258D-3361-4A0F-8D92-A2FA19408761}.Release|Any CPU.ActiveCfg = Release|Any CPU
		{F7EF258D-3361-4A0F-8D92-A2FA19408761}.Release|Any CPU.Build.0 = Release|Any CPU
		{C5B880B6-3B69-4FC2-9F90-F3D6262926E3}.Debug|Any CPU.ActiveCfg = Debug|Any CPU
		{C5B880B6-3B69-4FC2-9F90-F3D6262926E3}.Debug|Any CPU.Build.0 = Debug|Any CPU
		{C5B880B6-3B69-4FC2-9F90-F3D6262926E3}.Release|Any CPU.ActiveCfg = Release|Any CPU
		{C5B880B6-3B69-4FC2-9F90-F3D6262926E3}.Release|Any CPU.Build.0 = Release|Any CPU
		{0AD212CD-AA41-40E0-A819-B0E63A431509}.Debug|Any CPU.ActiveCfg = Debug|Any CPU
		{0AD212CD-AA41-40E0-A819-B0E63A431509}.Debug|Any CPU.Build.0 = Debug|Any CPU
		{0AD212CD-AA41-40E0-A819-B0E63A431509}.Release|Any CPU.ActiveCfg = Release|Any CPU
		{0AD212CD-AA41-40E0-A819-B0E63A431509}.Release|Any CPU.Build.0 = Release|Any CPU
		{577BAB8F-A513-40A1-8AB8-B9A58A7590FE}.Debug|Any CPU.ActiveCfg = Debug|Any CPU
		{577BAB8F-A513-40A1-8AB8-B9A58A7590FE}.Debug|Any CPU.Build.0 = Debug|Any CPU
		{577BAB8F-A513-40A1-8AB8-B9A58A7590FE}.Release|Any CPU.ActiveCfg = Release|Any CPU
		{577BAB8F-A513-40A1-8AB8-B9A58A7590FE}.Release|Any CPU.Build.0 = Release|Any CPU
	EndGlobalSection
	GlobalSection(SolutionProperties) = preSolution
		HideSolutionNode = FALSE
	EndGlobalSection
	GlobalSection(ExtensibilityGlobals) = postSolution
		SolutionGuid = {FDEB2AA6-86DD-404A-BDEF-C504532624EE}
	EndGlobalSection
EndGlobal
